// !$*UTF8*$!
{
	archiveVersion = 1;
	classes = {
	};
	objectVersion = 54;
	objects = {

/* Begin PBXBuildFile section */
		383FAD61270C0E3000B59A9E /* SwiftUIIListExampleAppApp.swift in Sources */ = {isa = PBXBuildFile; fileRef = 383FAD60270C0E3000B59A9E /* SwiftUIIListExampleAppApp.swift */; };
		383FAD63270C0E3000B59A9E /* ContentView.swift in Sources */ = {isa = PBXBuildFile; fileRef = 383FAD62270C0E3000B59A9E /* ContentView.swift */; };
		383FAD65270C0E3100B59A9E /* Assets.xcassets in Resources */ = {isa = PBXBuildFile; fileRef = 383FAD64270C0E3100B59A9E /* Assets.xcassets */; };
		383FAD68270C0E3100B59A9E /* Preview Assets.xcassets in Resources */ = {isa = PBXBuildFile; fileRef = 383FAD67270C0E3100B59A9E /* Preview Assets.xcassets */; };
		383FAD6F270C161E00B59A9E /* landmarkData.json in Resources */ = {isa = PBXBuildFile; fileRef = 383FAD6E270C161E00B59A9E /* landmarkData.json */; };
		383FAD75270C16F600B59A9E /* LandmarkList.swift in Sources */ = {isa = PBXBuildFile; fileRef = 383FAD70270C16F600B59A9E /* LandmarkList.swift */; };
		383FAD76270C16F600B59A9E /* LandmarkDetail.swift in Sources */ = {isa = PBXBuildFile; fileRef = 383FAD71270C16F600B59A9E /* LandmarkDetail.swift */; };
		383FAD77270C16F600B59A9E /* CircleImage.swift in Sources */ = {isa = PBXBuildFile; fileRef = 383FAD72270C16F600B59A9E /* CircleImage.swift */; };
		383FAD78270C16F600B59A9E /* LandmarkRow.swift in Sources */ = {isa = PBXBuildFile; fileRef = 383FAD73270C16F600B59A9E /* LandmarkRow.swift */; };
		383FAD79270C16F600B59A9E /* MapView.swift in Sources */ = {isa = PBXBuildFile; fileRef = 383FAD74270C16F600B59A9E /* MapView.swift */; };
		383FAD7E270C171C00B59A9E /* ModelData.swift in Sources */ = {isa = PBXBuildFile; fileRef = 383FAD7C270C171C00B59A9E /* ModelData.swift */; };
		383FAD7F270C171C00B59A9E /* Landmark.swift in Sources */ = {isa = PBXBuildFile; fileRef = 383FAD7D270C171C00B59A9E /* Landmark.swift */; };
		384CA0192713F6AF00641941 /* CustomSegmentView.swift in Sources */ = {isa = PBXBuildFile; fileRef = 384CA0182713F6AF00641941 /* CustomSegmentView.swift */; };
/* End PBXBuildFile section */

/* Begin PBXFileReference section */
		383FAD5D270C0E3000B59A9E /* SwiftUIIListExampleApp.app */ = {isa = PBXFileReference; explicitFileType = wrapper.application; includeInIndex = 0; path = SwiftUIIListExampleApp.app; sourceTree = BUILT_PRODUCTS_DIR; };
		383FAD60270C0E3000B59A9E /* SwiftUIIListExampleAppApp.swift */ = {isa = PBXFileReference; lastKnownFileType = sourcecode.swift; path = SwiftUIIListExampleAppApp.swift; sourceTree = "<group>"; };
		383FAD62270C0E3000B59A9E /* ContentView.swift */ = {isa = PBXFileReference; lastKnownFileType = sourcecode.swift; path = ContentView.swift; sourceTree = "<group>"; };
		383FAD64270C0E3100B59A9E /* Assets.xcassets */ = {isa = PBXFileReference; lastKnownFileType = folder.assetcatalog; path = Assets.xcassets; sourceTree = "<group>"; };
		383FAD67270C0E3100B59A9E /* Preview Assets.xcassets */ = {isa = PBXFileReference; lastKnownFileType = folder.assetcatalog; path = "Preview Assets.xcassets"; sourceTree = "<group>"; };
		383FAD6E270C161E00B59A9E /* landmarkData.json */ = {isa = PBXFileReference; fileEncoding = 4; lastKnownFileType = text.json; path = landmarkData.json; sourceTree = "<group>"; };
		383FAD70270C16F600B59A9E /* LandmarkList.swift */ = {isa = PBXFileReference; fileEncoding = 4; lastKnownFileType = sourcecode.swift; path = LandmarkList.swift; sourceTree = "<group>"; };
		383FAD71270C16F600B59A9E /* LandmarkDetail.swift */ = {isa = PBXFileReference; fileEncoding = 4; lastKnownFileType = sourcecode.swift; path = LandmarkDetail.swift; sourceTree = "<group>"; };
		383FAD72270C16F600B59A9E /* CircleImage.swift */ = {isa = PBXFileReference; fileEncoding = 4; lastKnownFileType = sourcecode.swift; path = CircleImage.swift; sourceTree = "<group>"; };
		383FAD73270C16F600B59A9E /* LandmarkRow.swift */ = {isa = PBXFileReference; fileEncoding = 4; lastKnownFileType = sourcecode.swift; path = LandmarkRow.swift; sourceTree = "<group>"; };
		383FAD74270C16F600B59A9E /* MapView.swift */ = {isa = PBXFileReference; fileEncoding = 4; lastKnownFileType = sourcecode.swift; path = MapView.swift; sourceTree = "<group>"; };
		383FAD7C270C171C00B59A9E /* ModelData.swift */ = {isa = PBXFileReference; fileEncoding = 4; lastKnownFileType = sourcecode.swift; path = ModelData.swift; sourceTree = "<group>"; };
		383FAD7D270C171C00B59A9E /* Landmark.swift */ = {isa = PBXFileReference; fileEncoding = 4; lastKnownFileType = sourcecode.swift; path = Landmark.swift; sourceTree = "<group>"; };
		384CA0182713F6AF00641941 /* CustomSegmentView.swift */ = {isa = PBXFileReference; lastKnownFileType = sourcecode.swift; path = CustomSegmentView.swift; sourceTree = "<group>"; };
/* End PBXFileReference section */

/* Begin PBXFrameworksBuildPhase section */
		383FAD5A270C0E3000B59A9E /* Frameworks */ = {
			isa = PBXFrameworksBuildPhase;
			buildActionMask = 2147483647;
			files = (
			);
			runOnlyForDeploymentPostprocessing = 0;
		};
/* End PBXFrameworksBuildPhase section */

/* Begin PBXGroup section */
		383FAD54270C0E3000B59A9E = {
			isa = PBXGroup;
			children = (
				383FAD5F270C0E3000B59A9E /* SwiftUIIListExampleApp */,
				383FAD5E270C0E3000B59A9E /* Products */,
			);
			sourceTree = "<group>";
		};
		383FAD5E270C0E3000B59A9E /* Products */ = {
			isa = PBXGroup;
			children = (
				383FAD5D270C0E3000B59A9E /* SwiftUIIListExampleApp.app */,
			);
			name = Products;
			sourceTree = "<group>";
		};
		383FAD5F270C0E3000B59A9E /* SwiftUIIListExampleApp */ = {
			isa = PBXGroup;
			children = (
				383FAD60270C0E3000B59A9E /* SwiftUIIListExampleAppApp.swift */,
				383FAD7A270C16FD00B59A9E /* Views */,
				383FAD6E270C161E00B59A9E /* landmarkData.json */,
				383FAD7B270C171C00B59A9E /* Model */,
				383FAD64270C0E3100B59A9E /* Assets.xcassets */,
				383FAD66270C0E3100B59A9E /* Preview Content */,
			);
			path = SwiftUIIListExampleApp;
			sourceTree = "<group>";
		};
		383FAD66270C0E3100B59A9E /* Preview Content */ = {
			isa = PBXGroup;
			children = (
				383FAD67270C0E3100B59A9E /* Preview Assets.xcassets */,
			);
			path = "Preview Content";
			sourceTree = "<group>";
		};
		383FAD7A270C16FD00B59A9E /* Views */ = {
			isa = PBXGroup;
			children = (
				383FAD62270C0E3000B59A9E /* ContentView.swift */,
				383FAD72270C16F600B59A9E /* CircleImage.swift */,
				383FAD71270C16F600B59A9E /* LandmarkDetail.swift */,
				383FAD70270C16F600B59A9E /* LandmarkList.swift */,
				383FAD73270C16F600B59A9E /* LandmarkRow.swift */,
				383FAD74270C16F600B59A9E /* MapView.swift */,
				384CA0182713F6AF00641941 /* CustomSegmentView.swift */,
			);
			path = Views;
			sourceTree = "<group>";
		};
		383FAD7B270C171C00B59A9E /* Model */ = {
			isa = PBXGroup;
			children = (
				383FAD7C270C171C00B59A9E /* ModelData.swift */,
				383FAD7D270C171C00B59A9E /* Landmark.swift */,
			);
			path = Model;
			sourceTree = "<group>";
		};
/* End PBXGroup section */

/* Begin PBXNativeTarget section */
		383FAD5C270C0E3000B59A9E /* SwiftUIIListExampleApp */ = {
			isa = PBXNativeTarget;
			buildConfigurationList = 383FAD6B270C0E3100B59A9E /* Build configuration list for PBXNativeTarget "SwiftUIIListExampleApp" */;
			buildPhases = (
				383FAD59270C0E3000B59A9E /* Sources */,
				383FAD5A270C0E3000B59A9E /* Frameworks */,
				383FAD5B270C0E3000B59A9E /* Resources */,
			);
			buildRules = (
			);
			dependencies = (
			);
			name = SwiftUIIListExampleApp;
			packageProductDependencies = (
			);
			productName = SwiftUIIListExampleApp;
			productReference = 383FAD5D270C0E3000B59A9E /* SwiftUIIListExampleApp.app */;
			productType = "com.apple.product-type.application";
		};
/* End PBXNativeTarget section */

/* Begin PBXProject section */
		383FAD55270C0E3000B59A9E /* Project object */ = {
			isa = PBXProject;
			attributes = {
				BuildIndependentTargetsInParallel = 1;
				LastSwiftUpdateCheck = 1300;
				LastUpgradeCheck = 1300;
				TargetAttributes = {
					383FAD5C270C0E3000B59A9E = {
						CreatedOnToolsVersion = 13.0;
					};
				};
			};
			buildConfigurationList = 383FAD58270C0E3000B59A9E /* Build configuration list for PBXProject "SwiftUIIListExampleApp" */;
			compatibilityVersion = "Xcode 12.0";
			developmentRegion = en;
			hasScannedForEncodings = 0;
			knownRegions = (
				en,
				Base,
			);
			mainGroup = 383FAD54270C0E3000B59A9E;
			packageReferences = (
			);
			productRefGroup = 383FAD5E270C0E3000B59A9E /* Products */;
			projectDirPath = "";
			projectRoot = "";
			targets = (
				383FAD5C270C0E3000B59A9E /* SwiftUIIListExampleApp */,
			);
		};
/* End PBXProject section */

/* Begin PBXResourcesBuildPhase section */
		383FAD5B270C0E3000B59A9E /* Resources */ = {
			isa = PBXResourcesBuildPhase;
			buildActionMask = 2147483647;
			files = (
				383FAD68270C0E3100B59A9E /* Preview Assets.xcassets in Resources */,
				383FAD65270C0E3100B59A9E /* Assets.xcassets in Resources */,
				383FAD6F270C161E00B59A9E /* landmarkData.json in Resources */,
			);
			runOnlyForDeploymentPostprocessing = 0;
		};
/* End PBXResourcesBuildPhase section */

/* Begin PBXSourcesBuildPhase section */
		383FAD59270C0E3000B59A9E /* Sources */ = {
			isa = PBXSourcesBuildPhase;
			buildActionMask = 2147483647;
			files = (
				383FAD79270C16F600B59A9E /* MapView.swift in Sources */,
				383FAD76270C16F600B59A9E /* LandmarkDetail.swift in Sources */,
				383FAD63270C0E3000B59A9E /* ContentView.swift in Sources */,
				384CA0192713F6AF00641941 /* CustomSegmentView.swift in Sources */,
				383FAD78270C16F600B59A9E /* LandmarkRow.swift in Sources */,
				383FAD75270C16F600B59A9E /* LandmarkList.swift in Sources */,
				383FAD7F270C171C00B59A9E /* Landmark.swift in Sources */,
				383FAD7E270C171C00B59A9E /* ModelData.swift in Sources */,
				383FAD61270C0E3000B59A9E /* SwiftUIIListExampleAppApp.swift in Sources */,
				383FAD77270C16F600B59A9E /* CircleImage.swift in Sources */,
			);
			runOnlyForDeploymentPostprocessing = 0;
		};
/* End PBXSourcesBuildPhase section */

/* Begin XCBuildConfiguration section */
		383FAD69270C0E3100B59A9E /* Debug */ = {
			isa = XCBuildConfiguration;
			buildSettings = {
				ALWAYS_SEARCH_USER_PATHS = NO;
				CLANG_ANALYZER_NONNULL = YES;
				CLANG_ANALYZER_NUMBER_OBJECT_CONVERSION = YES_AGGRESSIVE;
				CLANG_CXX_LANGUAGE_STANDARD = "gnu++17";
				CLANG_CXX_LIBRARY = "libc++";
				CLANG_ENABLE_MODULES = YES;
				CLANG_ENABLE_OBJC_ARC = YES;
				CLANG_ENABLE_OBJC_WEAK = YES;
				CLANG_WARN_BLOCK_CAPTURE_AUTORELEASING = YES;
				CLANG_WARN_BOOL_CONVERSION = YES;
				CLANG_WARN_COMMA = YES;
				CLANG_WARN_CONSTANT_CONVERSION = YES;
				CLANG_WARN_DEPRECATED_OBJC_IMPLEMENTATIONS = YES;
				CLANG_WARN_DIRECT_OBJC_ISA_USAGE = YES_ERROR;
				CLANG_WARN_DOCUMENTATION_COMMENTS = YES;
				CLANG_WARN_EMPTY_BODY = YES;
				CLANG_WARN_ENUM_CONVERSION = YES;
				CLANG_WARN_INFINITE_RECURSION = YES;
				CLANG_WARN_INT_CONVERSION = YES;
				CLANG_WARN_NON_LITERAL_NULL_CONVERSION = YES;
				CLANG_WARN_OBJC_IMPLICIT_RETAIN_SELF = YES;
				CLANG_WARN_OBJC_LITERAL_CONVERSION = YES;
				CLANG_WARN_OBJC_ROOT_CLASS = YES_ERROR;
				CLANG_WARN_QUOTED_INCLUDE_IN_FRAMEWORK_HEADER = YES;
				CLANG_WARN_RANGE_LOOP_ANALYSIS = YES;
				CLANG_WARN_STRICT_PROTOTYPES = YES;
				CLANG_WARN_SUSPICIOUS_MOVE = YES;
				CLANG_WARN_UNGUARDED_AVAILABILITY = YES_AGGRESSIVE;
				CLANG_WARN_UNREACHABLE_CODE = YES;
				CLANG_WARN__DUPLICATE_METHOD_MATCH = YES;
				COPY_PHASE_STRIP = NO;
				DEBUG_INFORMATION_FORMAT = dwarf;
				ENABLE_STRICT_OBJC_MSGSEND = YES;
				ENABLE_TESTABILITY = YES;
				GCC_C_LANGUAGE_STANDARD = gnu11;
				GCC_DYNAMIC_NO_PIC = NO;
				GCC_NO_COMMON_BLOCKS = YES;
				GCC_OPTIMIZATION_LEVEL = 0;
				GCC_PREPROCESSOR_DEFINITIONS = (
					"DEBUG=1",
					"$(inherited)",
				);
				GCC_WARN_64_TO_32_BIT_CONVERSION = YES;
				GCC_WARN_ABOUT_RETURN_TYPE = YES_ERROR;
				GCC_WARN_UNDECLARED_SELECTOR = YES;
				GCC_WARN_UNINITIALIZED_AUTOS = YES_AGGRESSIVE;
				GCC_WARN_UNUSED_FUNCTION = YES;
				GCC_WARN_UNUSED_VARIABLE = YES;
				IPHONEOS_DEPLOYMENT_TARGET = 15.0;
				MTL_ENABLE_DEBUG_INFO = INCLUDE_SOURCE;
				MTL_FAST_MATH = YES;
				ONLY_ACTIVE_ARCH = YES;
				SDKROOT = iphoneos;
				SWIFT_ACTIVE_COMPILATION_CONDITIONS = DEBUG;
				SWIFT_OPTIMIZATION_LEVEL = "-Onone";
			};
			name = Debug;
		};
		383FAD6A270C0E3100B59A9E /* Release */ = {
			isa = XCBuildConfiguration;
			buildSettings = {
				ALWAYS_SEARCH_USER_PATHS = NO;
				CLANG_ANALYZER_NONNULL = YES;
				CLANG_ANALYZER_NUMBER_OBJECT_CONVERSION = YES_AGGRESSIVE;
				CLANG_CXX_LANGUAGE_STANDARD = "gnu++17";
				CLANG_CXX_LIBRARY = "libc++";
				CLANG_ENABLE_MODULES = YES;
				CLANG_ENABLE_OBJC_ARC = YES;
				CLANG_ENABLE_OBJC_WEAK = YES;
				CLANG_WARN_BLOCK_CAPTURE_AUTORELEASING = YES;
				CLANG_WARN_BOOL_CONVERSION = YES;
				CLANG_WARN_COMMA = YES;
				CLANG_WARN_CONSTANT_CONVERSION = YES;
				CLANG_WARN_DEPRECATED_OBJC_IMPLEMENTATIONS = YES;
				CLANG_WARN_DIRECT_OBJC_ISA_USAGE = YES_ERROR;
				CLANG_WARN_DOCUMENTATION_COMMENTS = YES;
				CLANG_WARN_EMPTY_BODY = YES;
				CLANG_WARN_ENUM_CONVERSION = YES;
				CLANG_WARN_INFINITE_RECURSION = YES;
				CLANG_WARN_INT_CONVERSION = YES;
				CLANG_WARN_NON_LITERAL_NULL_CONVERSION = YES;
				CLANG_WARN_OBJC_IMPLICIT_RETAIN_SELF = YES;
				CLANG_WARN_OBJC_LITERAL_CONVERSION = YES;
				CLANG_WARN_OBJC_ROOT_CLASS = YES_ERROR;
				CLANG_WARN_QUOTED_INCLUDE_IN_FRAMEWORK_HEADER = YES;
				CLANG_WARN_RANGE_LOOP_ANALYSIS = YES;
				CLANG_WARN_STRICT_PROTOTYPES = YES;
				CLANG_WARN_SUSPICIOUS_MOVE = YES;
				CLANG_WARN_UNGUARDED_AVAILABILITY = YES_AGGRESSIVE;
				CLANG_WARN_UNREACHABLE_CODE = YES;
				CLANG_WARN__DUPLICATE_METHOD_MATCH = YES;
				COPY_PHASE_STRIP = NO;
				DEBUG_INFORMATION_FORMAT = "dwarf-with-dsym";
				ENABLE_NS_ASSERTIONS = NO;
				ENABLE_STRICT_OBJC_MSGSEND = YES;
				GCC_C_LANGUAGE_STANDARD = gnu11;
				GCC_NO_COMMON_BLOCKS = YES;
				GCC_WARN_64_TO_32_BIT_CONVERSION = YES;
				GCC_WARN_ABOUT_RETURN_TYPE = YES_ERROR;
				GCC_WARN_UNDECLARED_SELECTOR = YES;
				GCC_WARN_UNINITIALIZED_AUTOS = YES_AGGRESSIVE;
				GCC_WARN_UNUSED_FUNCTION = YES;
				GCC_WARN_UNUSED_VARIABLE = YES;
				IPHONEOS_DEPLOYMENT_TARGET = 15.0;
				MTL_ENABLE_DEBUG_INFO = NO;
				MTL_FAST_MATH = YES;
				SDKROOT = iphoneos;
				SWIFT_COMPILATION_MODE = wholemodule;
				SWIFT_OPTIMIZATION_LEVEL = "-O";
				VALIDATE_PRODUCT = YES;
			};
			name = Release;
		};
		383FAD6C270C0E3100B59A9E /* Debug */ = {
			isa = XCBuildConfiguration;
			buildSettings = {
				ASSETCATALOG_COMPILER_APPICON_NAME = AppIcon;
				ASSETCATALOG_COMPILER_GLOBAL_ACCENT_COLOR_NAME = AccentColor;
				CODE_SIGN_STYLE = Manual;
				CURRENT_PROJECT_VERSION = 1;
				DEVELOPMENT_ASSET_PATHS = "\"SwiftUIIListExampleApp/Preview Content\"";
				DEVELOPMENT_TEAM = "";
				ENABLE_PREVIEWS = YES;
				GENERATE_INFOPLIST_FILE = YES;
				INFOPLIST_KEY_UIApplicationSceneManifest_Generation = YES;
				INFOPLIST_KEY_UIApplicationSupportsIndirectInputEvents = YES;
				INFOPLIST_KEY_UILaunchScreen_Generation = YES;
				INFOPLIST_KEY_UISupportedInterfaceOrientations_iPad = "UIInterfaceOrientationPortrait UIInterfaceOrientationPortraitUpsideDown UIInterfaceOrientationLandscapeLeft UIInterfaceOrientationLandscapeRight";
				INFOPLIST_KEY_UISupportedInterfaceOrientations_iPhone = "UIInterfaceOrientationPortrait UIInterfaceOrientationLandscapeLeft UIInterfaceOrientationLandscapeRight";
				IPHONEOS_DEPLOYMENT_TARGET = 14.4;
				LD_RUNPATH_SEARCH_PATHS = (
					"$(inherited)",
					"@executable_path/Frameworks",
				);
				MARKETING_VERSION = 1.0;
				PRODUCT_BUNDLE_IDENTIFIER = com.ss.edusesne.SwiftUIIListExampleApp;
				PRODUCT_NAME = "$(TARGET_NAME)";
				PROVISIONING_PROFILE_SPECIFIER = "";
				SWIFT_EMIT_LOC_STRINGS = YES;
				SWIFT_VERSION = 5.0;
				TARGETED_DEVICE_FAMILY = 1;
			};
			name = Debug;
		};
		383FAD6D270C0E3100B59A9E /* Release */ = {
			isa = XCBuildConfiguration;
			buildSettings = {
				ASSETCATALOG_COMPILER_APPICON_NAME = AppIcon;
				ASSETCATALOG_COMPILER_GLOBAL_ACCENT_COLOR_NAME = AccentColor;
				CODE_SIGN_STYLE = Manual;
				CURRENT_PROJECT_VERSION = 1;
				DEVELOPMENT_ASSET_PATHS = "\"SwiftUIIListExampleApp/Preview Content\"";
				DEVELOPMENT_TEAM = "";
				ENABLE_PREVIEWS = YES;
				GENERATE_INFOPLIST_FILE = YES;
				INFOPLIST_KEY_UIApplicationSceneManifest_Generation = YES;
				INFOPLIST_KEY_UIApplicationSupportsIndirectInputEvents = YES;
				INFOPLIST_KEY_UILaunchScreen_Generation = YES;
				INFOPLIST_KEY_UISupportedInterfaceOrientations_iPad = "UIInterfaceOrientationPortrait UIInterfaceOrientationPortraitUpsideDown UIInterfaceOrientationLandscapeLeft UIInterfaceOrientationLandscapeRight";
				INFOPLIST_KEY_UISupportedInterfaceOrientations_iPhone = "UIInterfaceOrientationPortrait UIInterfaceOrientationLandscapeLeft UIInterfaceOrientationLandscapeRight";
				IPHONEOS_DEPLOYMENT_TARGET = 14.4;
				LD_RUNPATH_SEARCH_PATHS = (
					"$(inherited)",
					"@executable_path/Frameworks",
				);
				MARKETING_VERSION = 1.0;
				PRODUCT_BUNDLE_IDENTIFIER = com.ss.edusesne.SwiftUIIListExampleApp;
				PRODUCT_NAME = "$(TARGET_NAME)";
				PROVISIONING_PROFILE_SPECIFIER = "";
				SWIFT_EMIT_LOC_STRINGS = YES;
				SWIFT_VERSION = 5.0;
				TARGETED_DEVICE_FAMILY = 1;
			};
			name = Release;
		};
/* End XCBuildConfiguration section */

/* Begin XCConfigurationList section */
		383FAD58270C0E3000B59A9E /* Build configuration list for PBXProject "SwiftUIIListExampleApp" */ = {
			isa = XCConfigurationList;
			buildConfigurations = (
				383FAD69270C0E3100B59A9E /* Debug */,
				383FAD6A270C0E3100B59A9E /* Release */,
			);
			defaultConfigurationIsVisible = 0;
			defaultConfigurationName = Release;
		};
		383FAD6B270C0E3100B59A9E /* Build configuration list for PBXNativeTarget "SwiftUIIListExampleApp" */ = {
			isa = XCConfigurationList;
			buildConfigurations = (
				383FAD6C270C0E3100B59A9E /* Debug */,
				383FAD6D270C0E3100B59A9E /* Release */,
			);
			defaultConfigurationIsVisible = 0;
			defaultConfigurationName = Release;
		};
/* End XCConfigurationList section */
	};
	rootObject = 383FAD55270C0E3000B59A9E /* Project object */;
}
